
Microsoft Visual Studio Solution File, Format Version 12.00
# Visual Studio Version 17
VisualStudioVersion = 17.8.34408.163
MinimumVisualStudioVersion = 10.0.40219.1
Project("{9A19103F-16F7-4668-BE54-9A1E7A4F7556}") = "Assignment1EFCore", "Assignment1EFCore\Assignment1EFCore.csproj", "{5B30EF53-D7F0-47EB-95B5-D45635A2A07A}"
EndProject
Project("{9A19103F-16F7-4668-BE54-9A1E7A4F7556}") = "Core", "Core\Core.csproj", "{3BA6ED03-F066-4FA2-966E-D900F0EC997C}"
EndProject
Global
	GlobalSection(SolutionConfigurationPlatforms) = preSolution
		Debug|Any CPU = Debug|Any CPU
		Release|Any CPU = Release|Any CPU
	EndGlobalSection
	GlobalSection(ProjectConfigurationPlatforms) = postSolution
		{5B30EF53-D7F0-47EB-95B5-D45635A2A07A}.Debug|Any CPU.ActiveCfg = Debug|Any CPU
		{5B30EF53-D7F0-47EB-95B5-D45635A2A07A}.Debug|Any CPU.Build.0 = Debug|Any CPU
		{5B30EF53-D7F0-47EB-95B5-D45635A2A07A}.Release|Any CPU.ActiveCfg = Release|Any CPU
		{5B30EF53-D7F0-47EB-95B5-D45635A2A07A}.Release|Any CPU.Build.0 = Release|Any CPU
		{3BA6ED03-F066-4FA2-966E-D900F0EC997C}.Debug|Any CPU.ActiveCfg = Debug|Any CPU
		{3BA6ED03-F066-4FA2-966E-D900F0EC997C}.Debug|Any CPU.Build.0 = Debug|Any CPU
		{3BA6ED03-F066-4FA2-966E-D900F0EC997C}.Release|Any CPU.ActiveCfg = Release|Any CPU
		{3BA6ED03-F066-4FA2-966E-D900F0EC997C}.Release|Any CPU.Build.0 = Release|Any CPU
	EndGlobalSection
	GlobalSection(SolutionProperties) = preSolution
		HideSolutionNode = FALSE
	EndGlobalSection
	GlobalSection(ExtensibilityGlobals) = postSolution
		SolutionGuid = {70A5EB73-1D23-4B51-8E39-D9119DD2215A}
	EndGlobalSection
EndGlobal
